
Microsoft Visual Studio Solution File, Format Version 12.00
# Visual Studio Version 17
VisualStudioVersion = 17.6.33829.357
MinimumVisualStudioVersion = 10.0.40219.1
Project("{9A19103F-16F7-4668-BE54-9A1E7A4F7556}") = "NoventiqAPI", "NoventiqAPI.csproj", "{BD04F03B-4BE2-4DD7-828C-2E89FACD2941}"
EndProject
Project("{FAE04EC0-301F-11D3-BF4B-00C04F79EFBC}") = "UserManagementAPITest", "..\UserManagementAPITest\UserManagementAPITest.csproj", "{71B9482C-60F2-4F9D-9C54-2D4917140A6C}"
EndProject
Global
	GlobalSection(SolutionConfigurationPlatforms) = preSolution
		Debug|Any CPU = Debug|Any CPU
		Release|Any CPU = Release|Any CPU
	EndGlobalSection
	GlobalSection(ProjectConfigurationPlatforms) = postSolution
		{BD04F03B-4BE2-4DD7-828C-2E89FACD2941}.Debug|Any CPU.ActiveCfg = Debug|Any CPU
		{BD04F03B-4BE2-4DD7-828C-2E89FACD2941}.Debug|Any CPU.Build.0 = Debug|Any CPU
		{BD04F03B-4BE2-4DD7-828C-2E89FACD2941}.Release|Any CPU.ActiveCfg = Release|Any CPU
		{BD04F03B-4BE2-4DD7-828C-2E89FACD2941}.Release|Any CPU.Build.0 = Release|Any CPU
		{71B9482C-60F2-4F9D-9C54-2D4917140A6C}.Debug|Any CPU.ActiveCfg = Debug|Any CPU
		{71B9482C-60F2-4F9D-9C54-2D4917140A6C}.Debug|Any CPU.Build.0 = Debug|Any CPU
		{71B9482C-60F2-4F9D-9C54-2D4917140A6C}.Release|Any CPU.ActiveCfg = Release|Any CPU
		{71B9482C-60F2-4F9D-9C54-2D4917140A6C}.Release|Any CPU.Build.0 = Release|Any CPU
	EndGlobalSection
	GlobalSection(SolutionProperties) = preSolution
		HideSolutionNode = FALSE
	EndGlobalSection
	GlobalSection(ExtensibilityGlobals) = postSolution
		SolutionGuid = {44C7533E-21DA-44C3-BB75-2FB31422CBFF}
	EndGlobalSection
EndGlobal
